// !$*UTF8*$!
{
	archiveVersion = 1;
	classes = {
	};
	objectVersion = 50;
	objects = {

/* Begin PBXBuildFile section */
		3034A18E22E50184000DFC7B /* AppDelegate.swift in Sources */ = {isa = PBXBuildFile; fileRef = 3034A18D22E50184000DFC7B /* AppDelegate.swift */; };
		3034A19022E50184000DFC7B /* ViewController.swift in Sources */ = {isa = PBXBuildFile; fileRef = 3034A18F22E50184000DFC7B /* ViewController.swift */; };
		3034A19322E50184000DFC7B /* Main.storyboard in Resources */ = {isa = PBXBuildFile; fileRef = 3034A19122E50184000DFC7B /* Main.storyboard */; };
		3034A19522E50185000DFC7B /* Assets.xcassets in Resources */ = {isa = PBXBuildFile; fileRef = 3034A19422E50185000DFC7B /* Assets.xcassets */; };
		3034A19822E50185000DFC7B /* LaunchScreen.storyboard in Resources */ = {isa = PBXBuildFile; fileRef = 3034A19622E50185000DFC7B /* LaunchScreen.storyboard */; };
		3034A1A322E50185000DFC7B /* Cat_YearsTests.swift in Sources */ = {isa = PBXBuildFile; fileRef = 3034A1A222E50185000DFC7B /* Cat_YearsTests.swift */; };
		3034A1AE22E50185000DFC7B /* Cat_YearsUITests.swift in Sources */ = {isa = PBXBuildFile; fileRef = 3034A1AD22E50185000DFC7B /* Cat_YearsUITests.swift */; };
		3034A1BC22E50380000DFC7B /* EF7464D1-391B-49C6-928B-64E3333CD209.jpg in Resources */ = {isa = PBXBuildFile; fileRef = 3034A1BB22E50380000DFC7B /* EF7464D1-391B-49C6-928B-64E3333CD209.jpg */; };
/* End PBXBuildFile section */

/* Begin PBXContainerItemProxy section */
		3034A19F22E50185000DFC7B /* PBXContainerItemProxy */ = {
			isa = PBXContainerItemProxy;
			containerPortal = 3034A18222E50184000DFC7B /* Project object */;
			proxyType = 1;
			remoteGlobalIDString = 3034A18922E50184000DFC7B;
			remoteInfo = "Cat Years";
		};
		3034A1AA22E50185000DFC7B /* PBXContainerItemProxy */ = {
			isa = PBXContainerItemProxy;
			containerPortal = 3034A18222E50184000DFC7B /* Project object */;
			proxyType = 1;
			remoteGlobalIDString = 3034A18922E50184000DFC7B;
			remoteInfo = "Cat Years";
		};
/* End PBXContainerItemProxy section */

/* Begin PBXFileReference section */
		3034A18A22E50184000DFC7B /* Cat Years.app */ = {isa = PBXFileReference; explicitFileType = wrapper.application; includeInIndex = 0; path = "Cat Years.app"; sourceTree = BUILT_PRODUCTS_DIR; };
		3034A18D22E50184000DFC7B /* AppDelegate.swift */ = {isa = PBXFileReference; lastKnownFileType = sourcecode.swift; path = AppDelegate.swift; sourceTree = "<group>"; };
		3034A18F22E50184000DFC7B /* ViewController.swift */ = {isa = PBXFileReference; lastKnownFileType = sourcecode.swift; path = ViewController.swift; sourceTree = "<group>"; };
		3034A19222E50184000DFC7B /* Base */ = {isa = PBXFileReference; lastKnownFileType = file.storyboard; name = Base; path = Base.lproj/Main.storyboard; sourceTree = "<group>"; };
		3034A19422E50185000DFC7B /* Assets.xcassets */ = {isa = PBXFileReference; lastKnownFileType = folder.assetcatalog; path = Assets.xcassets; sourceTree = "<group>"; };
		3034A19722E50185000DFC7B /* Base */ = {isa = PBXFileReference; lastKnownFileType = file.storyboard; name = Base; path = Base.lproj/LaunchScreen.storyboard; sourceTree = "<group>"; };
		3034A19922E50185000DFC7B /* Info.plist */ = {isa = PBXFileReference; lastKnownFileType = text.plist.xml; path = Info.plist; sourceTree = "<group>"; };
		3034A19E22E50185000DFC7B /* Cat YearsTests.xctest */ = {isa = PBXFileReference; explicitFileType = wrapper.cfbundle; includeInIndex = 0; path = "Cat YearsTests.xctest"; sourceTree = BUILT_PRODUCTS_DIR; };
		3034A1A222E50185000DFC7B /* Cat_YearsTests.swift */ = {isa = PBXFileReference; lastKnownFileType = sourcecode.swift; path = Cat_YearsTests.swift; sourceTree = "<group>"; };
		3034A1A422E50185000DFC7B /* Info.plist */ = {isa = PBXFileReference; lastKnownFileType = text.plist.xml; path = Info.plist; sourceTree = "<group>"; };
		3034A1A922E50185000DFC7B /* Cat YearsUITests.xctest */ = {isa = PBXFileReference; explicitFileType = wrapper.cfbundle; includeInIndex = 0; path = "Cat YearsUITests.xctest"; sourceTree = BUILT_PRODUCTS_DIR; };
		3034A1AD22E50185000DFC7B /* Cat_YearsUITests.swift */ = {isa = PBXFileReference; lastKnownFileType = sourcecode.swift; path = Cat_YearsUITests.swift; sourceTree = "<group>"; };
		3034A1AF22E50185000DFC7B /* Info.plist */ = {isa = PBXFileReference; lastKnownFileType = text.plist.xml; path = Info.plist; sourceTree = "<group>"; };
		3034A1BB22E50380000DFC7B /* EF7464D1-391B-49C6-928B-64E3333CD209.jpg */ = {isa = PBXFileReference; lastKnownFileType = image.jpeg; path = "EF7464D1-391B-49C6-928B-64E3333CD209.jpg"; sourceTree = "<group>"; };
/* End PBXFileReference section */

/* Begin PBXFrameworksBuildPhase section */
		3034A18722E50184000DFC7B /* Frameworks */ = {
			isa = PBXFrameworksBuildPhase;
			buildActionMask = 2147483647;
			files = (
			);
			runOnlyForDeploymentPostprocessing = 0;
		};
		3034A19B22E50185000DFC7B /* Frameworks */ = {
			isa = PBXFrameworksBuildPhase;
			buildActionMask = 2147483647;
			files = (
			);
			runOnlyForDeploymentPostprocessing = 0;
		};
		3034A1A622E50185000DFC7B /* Frameworks */ = {
			isa = PBXFrameworksBuildPhase;
			buildActionMask = 2147483647;
			files = (
			);
			runOnlyForDeploymentPostprocessing = 0;
		};
/* End PBXFrameworksBuildPhase section */

/* Begin PBXGroup section */
		3034A18122E50184000DFC7B = {
			isa = PBXGroup;
			children = (
				3034A18C22E50184000DFC7B /* Cat Years */,
				3034A1A122E50185000DFC7B /* Cat YearsTests */,
				3034A1AC22E50185000DFC7B /* Cat YearsUITests */,
				3034A18B22E50184000DFC7B /* Products */,
			);
			sourceTree = "<group>";
		};
		3034A18B22E50184000DFC7B /* Products */ = {
			isa = PBXGroup;
			children = (
				3034A18A22E50184000DFC7B /* Cat Years.app */,
				3034A19E22E50185000DFC7B /* Cat YearsTests.xctest */,
				3034A1A922E50185000DFC7B /* Cat YearsUITests.xctest */,
			);
			name = Products;
			sourceTree = "<group>";
		};
		3034A18C22E50184000DFC7B /* Cat Years */ = {
			isa = PBXGroup;
			children = (
				3034A18D22E50184000DFC7B /* AppDelegate.swift */,
				3034A18F22E50184000DFC7B /* ViewController.swift */,
				3034A19122E50184000DFC7B /* Main.storyboard */,
				3034A19422E50185000DFC7B /* Assets.xcassets */,
				3034A19622E50185000DFC7B /* LaunchScreen.storyboard */,
				3034A19922E50185000DFC7B /* Info.plist */,
				3034A1BB22E50380000DFC7B /* EF7464D1-391B-49C6-928B-64E3333CD209.jpg */,
			);
			path = "Cat Years";
			sourceTree = "<group>";
		};
		3034A1A122E50185000DFC7B /* Cat YearsTests */ = {
			isa = PBXGroup;
			children = (
				3034A1A222E50185000DFC7B /* Cat_YearsTests.swift */,
				3034A1A422E50185000DFC7B /* Info.plist */,
			);
			path = "Cat YearsTests";
			sourceTree = "<group>";
		};
		3034A1AC22E50185000DFC7B /* Cat YearsUITests */ = {
			isa = PBXGroup;
			children = (
				3034A1AD22E50185000DFC7B /* Cat_YearsUITests.swift */,
				3034A1AF22E50185000DFC7B /* Info.plist */,
			);
			path = "Cat YearsUITests";
			sourceTree = "<group>";
		};
/* End PBXGroup section */

/* Begin PBXNativeTarget section */
		3034A18922E50184000DFC7B /* Cat Years */ = {
			isa = PBXNativeTarget;
			buildConfigurationList = 3034A1B222E50185000DFC7B /* Build configuration list for PBXNativeTarget "Cat Years" */;
			buildPhases = (
				3034A18622E50184000DFC7B /* Sources */,
				3034A18722E50184000DFC7B /* Frameworks */,
				3034A18822E50184000DFC7B /* Resources */,
			);
			buildRules = (
			);
			dependencies = (
			);
			name = "Cat Years";
			productName = "Cat Years";
			productReference = 3034A18A22E50184000DFC7B /* Cat Years.app */;
			productType = "com.apple.product-type.application";
		};
		3034A19D22E50185000DFC7B /* Cat YearsTests */ = {
			isa = PBXNativeTarget;
			buildConfigurationList = 3034A1B522E50185000DFC7B /* Build configuration list for PBXNativeTarget "Cat YearsTests" */;
			buildPhases = (
				3034A19A22E50185000DFC7B /* Sources */,
				3034A19B22E50185000DFC7B /* Frameworks */,
				3034A19C22E50185000DFC7B /* Resources */,
			);
			buildRules = (
			);
			dependencies = (
				3034A1A022E50185000DFC7B /* PBXTargetDependency */,
			);
			name = "Cat YearsTests";
			productName = "Cat YearsTests";
			productReference = 3034A19E22E50185000DFC7B /* Cat YearsTests.xctest */;
			productType = "com.apple.product-type.bundle.unit-test";
		};
		3034A1A822E50185000DFC7B /* Cat YearsUITests */ = {
			isa = PBXNativeTarget;
			buildConfigurationList = 3034A1B822E50185000DFC7B /* Build configuration list for PBXNativeTarget "Cat YearsUITests" */;
			buildPhases = (
				3034A1A522E50185000DFC7B /* Sources */,
				3034A1A622E50185000DFC7B /* Frameworks */,
				3034A1A722E50185000DFC7B /* Resources */,
			);
			buildRules = (
			);
			dependencies = (
				3034A1AB22E50185000DFC7B /* PBXTargetDependency */,
			);
			name = "Cat YearsUITests";
			productName = "Cat YearsUITests";
			productReference = 3034A1A922E50185000DFC7B /* Cat YearsUITests.xctest */;
			productType = "com.apple.product-type.bundle.ui-testing";
		};
/* End PBXNativeTarget section */

/* Begin PBXProject section */
		3034A18222E50184000DFC7B /* Project object */ = {
			isa = PBXProject;
			attributes = {
				LastSwiftUpdateCheck = 1020;
				LastUpgradeCheck = 1020;
				ORGANIZATIONNAME = "Alexander Abushady";
				TargetAttributes = {
					3034A18922E50184000DFC7B = {
						CreatedOnToolsVersion = 10.2.1;
					};
					3034A19D22E50185000DFC7B = {
						CreatedOnToolsVersion = 10.2.1;
						TestTargetID = 3034A18922E50184000DFC7B;
					};
					3034A1A822E50185000DFC7B = {
						CreatedOnToolsVersion = 10.2.1;
						TestTargetID = 3034A18922E50184000DFC7B;
					};
				};
			};
			buildConfigurationList = 3034A18522E50184000DFC7B /* Build configuration list for PBXProject "Cat Years" */;
			compatibilityVersion = "Xcode 9.3";
			developmentRegion = en;
			hasScannedForEncodings = 0;
			knownRegions = (
				en,
				Base,
			);
			mainGroup = 3034A18122E50184000DFC7B;
			productRefGroup = 3034A18B22E50184000DFC7B /* Products */;
			projectDirPath = "";
			projectRoot = "";
			targets = (
				3034A18922E50184000DFC7B /* Cat Years */,
				3034A19D22E50185000DFC7B /* Cat YearsTests */,
				3034A1A822E50185000DFC7B /* Cat YearsUITests */,
			);
		};
/* End PBXProject section */

/* Begin PBXResourcesBuildPhase section */
		3034A18822E50184000DFC7B /* Resources */ = {
			isa = PBXResourcesBuildPhase;
			buildActionMask = 2147483647;
			files = (
				3034A19822E50185000DFC7B /* LaunchScreen.storyboard in Resources */,
				3034A19522E50185000DFC7B /* Assets.xcassets in Resources */,
				3034A19322E50184000DFC7B /* Main.storyboard in Resources */,
				3034A1BC22E50380000DFC7B /* EF7464D1-391B-49C6-928B-64E3333CD209.jpg in Resources */,
			);
			runOnlyForDeploymentPostprocessing = 0;
		};
		3034A19C22E50185000DFC7B /* Resources */ = {
			isa = PBXResourcesBuildPhase;
			buildActionMask = 2147483647;
			files = (
			);
			runOnlyForDeploymentPostprocessing = 0;
		};
		3034A1A722E50185000DFC7B /* Resources */ = {
			isa = PBXResourcesBuildPhase;
			buildActionMask = 2147483647;
			files = (
			);
			runOnlyForDeploymentPostprocessing = 0;
		};
/* End PBXResourcesBuildPhase section */

/* Begin PBXSourcesBuildPhase section */
		3034A18622E50184000DFC7B /* Sources */ = {
			isa = PBXSourcesBuildPhase;
			buildActionMask = 2147483647;
			files = (
				3034A19022E50184000DFC7B /* ViewController.swift in Sources */,
				3034A18E22E50184000DFC7B /* AppDelegate.swift in Sources */,
			);
			runOnlyForDeploymentPostprocessing = 0;
		};
		3034A19A22E50185000DFC7B /* Sources */ = {
			isa = PBXSourcesBuildPhase;
			buildActionMask = 2147483647;
			files = (
				3034A1A322E50185000DFC7B /* Cat_YearsTests.swift in Sources */,
			);
			runOnlyForDeploymentPostprocessing = 0;
		};
		3034A1A522E50185000DFC7B /* Sources */ = {
			isa = PBXSourcesBuildPhase;
			buildActionMask = 2147483647;
			files = (
				3034A1AE22E50185000DFC7B /* Cat_YearsUITests.swift in Sources */,
			);
			runOnlyForDeploymentPostprocessing = 0;
		};
/* End PBXSourcesBuildPhase section */

/* Begin PBXTargetDependency section */
		3034A1A022E50185000DFC7B /* PBXTargetDependency */ = {
			isa = PBXTargetDependency;
			target = 3034A18922E50184000DFC7B /* Cat Years */;
			targetProxy = 3034A19F22E50185000DFC7B /* PBXContainerItemProxy */;
		};
		3034A1AB22E50185000DFC7B /* PBXTargetDependency */ = {
			isa = PBXTargetDependency;
			target = 3034A18922E50184000DFC7B /* Cat Years */;
			targetProxy = 3034A1AA22E50185000DFC7B /* PBXContainerItemProxy */;
		};
/* End PBXTargetDependency section */

/* Begin PBXVariantGroup section */
		3034A19122E50184000DFC7B /* Main.storyboard */ = {
			isa = PBXVariantGroup;
			children = (
				3034A19222E50184000DFC7B /* Base */,
			);
			name = Main.storyboard;
			sourceTree = "<group>";
		};
		3034A19622E50185000DFC7B /* LaunchScreen.storyboard */ = {
			isa = PBXVariantGroup;
			children = (
				3034A19722E50185000DFC7B /* Base */,
			);
			name = LaunchScreen.storyboard;
			sourceTree = "<group>";
		};
/* End PBXVariantGroup section */

/* Begin XCBuildConfiguration section */
		3034A1B022E50185000DFC7B /* Debug */ = {
			isa = XCBuildConfiguration;
			buildSettings = {
				ALWAYS_SEARCH_USER_PATHS = NO;
				CLANG_ANALYZER_NONNULL = YES;
				CLANG_ANALYZER_NUMBER_OBJECT_CONVERSION = YES_AGGRESSIVE;
				CLANG_CXX_LANGUAGE_STANDARD = "gnu++14";
				CLANG_CXX_LIBRARY = "libc++";
				CLANG_ENABLE_MODULES = YES;
				CLANG_ENABLE_OBJC_ARC = YES;
				CLANG_ENABLE_OBJC_WEAK = YES;
				CLANG_WARN_BLOCK_CAPTURE_AUTORELEASING = YES;
				CLANG_WARN_BOOL_CONVERSION = YES;
				CLANG_WARN_COMMA = YES;
				CLANG_WARN_CONSTANT_CONVERSION = YES;
				CLANG_WARN_DEPRECATED_OBJC_IMPLEMENTATIONS = YES;
				CLANG_WARN_DIRECT_OBJC_ISA_USAGE = YES_ERROR;
				CLANG_WARN_DOCUMENTATION_COMMENTS = YES;
				CLANG_WARN_EMPTY_BODY = YES;
				CLANG_WARN_ENUM_CONVERSION = YES;
				CLANG_WARN_INFINITE_RECURSION = YES;
				CLANG_WARN_INT_CONVERSION = YES;
				CLANG_WARN_NON_LITERAL_NULL_CONVERSION = YES;
				CLANG_WARN_OBJC_IMPLICIT_RETAIN_SELF = YES;
				CLANG_WARN_OBJC_LITERAL_CONVERSION = YES;
				CLANG_WARN_OBJC_ROOT_CLASS = YES_ERROR;
				CLANG_WARN_RANGE_LOOP_ANALYSIS = YES;
				CLANG_WARN_STRICT_PROTOTYPES = YES;
				CLANG_WARN_SUSPICIOUS_MOVE = YES;
				CLANG_WARN_UNGUARDED_AVAILABILITY = YES_AGGRESSIVE;
				CLANG_WARN_UNREACHABLE_CODE = YES;
				CLANG_WARN__DUPLICATE_METHOD_MATCH = YES;
				CODE_SIGN_IDENTITY = "iPhone Developer";
				COPY_PHASE_STRIP = NO;
				DEBUG_INFORMATION_FORMAT = dwarf;
				ENABLE_STRICT_OBJC_MSGSEND = YES;
				ENABLE_TESTABILITY = YES;
				GCC_C_LANGUAGE_STANDARD = gnu11;
				GCC_DYNAMIC_NO_PIC = NO;
				GCC_NO_COMMON_BLOCKS = YES;
				GCC_OPTIMIZATION_LEVEL = 0;
				GCC_PREPROCESSOR_DEFINITIONS = (
					"DEBUG=1",
					"$(inherited)",
				);
				GCC_WARN_64_TO_32_BIT_CONVERSION = YES;
				GCC_WARN_ABOUT_RETURN_TYPE = YES_ERROR;
				GCC_WARN_UNDECLARED_SELECTOR = YES;
				GCC_WARN_UNINITIALIZED_AUTOS = YES_AGGRESSIVE;
				GCC_WARN_UNUSED_FUNCTION = YES;
				GCC_WARN_UNUSED_VARIABLE = YES;
				IPHONEOS_DEPLOYMENT_TARGET = 12.2;
				MTL_ENABLE_DEBUG_INFO = INCLUDE_SOURCE;
				MTL_FAST_MATH = YES;
				ONLY_ACTIVE_ARCH = YES;
				SDKROOT = iphoneos;
				SWIFT_ACTIVE_COMPILATION_CONDITIONS = DEBUG;
				SWIFT_OPTIMIZATION_LEVEL = "-Onone";
			};
			name = Debug;
		};
		3034A1B122E50185000DFC7B /* Release */ = {
			isa = XCBuildConfiguration;
			buildSettings = {
				ALWAYS_SEARCH_USER_PATHS = NO;
				CLANG_ANALYZER_NONNULL = YES;
				CLANG_ANALYZER_NUMBER_OBJECT_CONVERSION = YES_AGGRESSIVE;
				CLANG_CXX_LANGUAGE_STANDARD = "gnu++14";
				CLANG_CXX_LIBRARY = "libc++";
				CLANG_ENABLE_MODULES = YES;
				CLANG_ENABLE_OBJC_ARC = YES;
				CLANG_ENABLE_OBJC_WEAK = YES;
				CLANG_WARN_BLOCK_CAPTURE_AUTORELEASING = YES;
				CLANG_WARN_BOOL_CONVERSION = YES;
				CLANG_WARN_COMMA = YES;
				CLANG_WARN_CONSTANT_CONVERSION = YES;
				CLANG_WARN_DEPRECATED_OBJC_IMPLEMENTATIONS = YES;
				CLANG_WARN_DIRECT_OBJC_ISA_USAGE = YES_ERROR;
				CLANG_WARN_DOCUMENTATION_COMMENTS = YES;
				CLANG_WARN_EMPTY_BODY = YES;
				CLANG_WARN_ENUM_CONVERSION = YES;
				CLANG_WARN_INFINITE_RECURSION = YES;
				CLANG_WARN_INT_CONVERSION = YES;
				CLANG_WARN_NON_LITERAL_NULL_CONVERSION = YES;
				CLANG_WARN_OBJC_IMPLICIT_RETAIN_SELF = YES;
				CLANG_WARN_OBJC_LITERAL_CONVERSION = YES;
				CLANG_WARN_OBJC_ROOT_CLASS = YES_ERROR;
				CLANG_WARN_RANGE_LOOP_ANALYSIS = YES;
				CLANG_WARN_STRICT_PROTOTYPES = YES;
				CLANG_WARN_SUSPICIOUS_MOVE = YES;
				CLANG_WARN_UNGUARDED_AVAILABILITY = YES_AGGRESSIVE;
				CLANG_WARN_UNREACHABLE_CODE = YES;
				CLANG_WARN__DUPLICATE_METHOD_MATCH = YES;
				CODE_SIGN_IDENTITY = "iPhone Developer";
				COPY_PHASE_STRIP = NO;
				DEBUG_INFORMATION_FORMAT = "dwarf-with-dsym";
				ENABLE_NS_ASSERTIONS = NO;
				ENABLE_STRICT_OBJC_MSGSEND = YES;
				GCC_C_LANGUAGE_STANDARD = gnu11;
				GCC_NO_COMMON_BLOCKS = YES;
				GCC_WARN_64_TO_32_BIT_CONVERSION = YES;
				GCC_WARN_ABOUT_RETURN_TYPE = YES_ERROR;
				GCC_WARN_UNDECLARED_SELECTOR = YES;
				GCC_WARN_UNINITIALIZED_AUTOS = YES_AGGRESSIVE;
				GCC_WARN_UNUSED_FUNCTION = YES;
				GCC_WARN_UNUSED_VARIABLE = YES;
				IPHONEOS_DEPLOYMENT_TARGET = 12.2;
				MTL_ENABLE_DEBUG_INFO = NO;
				MTL_FAST_MATH = YES;
				SDKROOT = iphoneos;
				SWIFT_COMPILATION_MODE = wholemodule;
				SWIFT_OPTIMIZATION_LEVEL = "-O";
				VALIDATE_PRODUCT = YES;
			};
			name = Release;
		};
		3034A1B322E50185000DFC7B /* Debug */ = {
			isa = XCBuildConfiguration;
			buildSettings = {
				ASSETCATALOG_COMPILER_APPICON_NAME = AppIcon;
				CODE_SIGN_STYLE = Automatic;
				DEVELOPMENT_TEAM = XW3BP953PW;
				INFOPLIST_FILE = "Cat Years/Info.plist";
				LD_RUNPATH_SEARCH_PATHS = (
					"$(inherited)",
					"@executable_path/Frameworks",
				);
				PRODUCT_BUNDLE_IDENTIFIER = "com.alexanderabushady.Cat-Years";
				PRODUCT_NAME = "$(TARGET_NAME)";
				SWIFT_VERSION = 5.0;
				TARGETED_DEVICE_FAMILY = "1,2";
			};
			name = Debug;
		};
		3034A1B422E50185000DFC7B /* Release */ = {
			isa = XCBuildConfiguration;
			buildSettings = {
				ASSETCATALOG_COMPILER_APPICON_NAME = AppIcon;
				CODE_SIGN_STYLE = Automatic;
				DEVELOPMENT_TEAM = XW3BP953PW;
				INFOPLIST_FILE = "Cat Years/Info.plist";
				LD_RUNPATH_SEARCH_PATHS = (
					"$(inherited)",
					"@executable_path/Frameworks",
				);
				PRODUCT_BUNDLE_IDENTIFIER = "com.alexanderabushady.Cat-Years";
				PRODUCT_NAME = "$(TARGET_NAME)";
				SWIFT_VERSION = 5.0;
				TARGETED_DEVICE_FAMILY = "1,2";
			};
			name = Release;
		};
		3034A1B622E50185000DFC7B /* Debug */ = {
			isa = XCBuildConfiguration;
			buildSettings = {
				ALWAYS_EMBED_SWIFT_STANDARD_LIBRARIES = YES;
				BUNDLE_LOADER = "$(TEST_HOST)";
				CODE_SIGN_STYLE = Automatic;
				DEVELOPMENT_TEAM = XW3BP953PW;
				INFOPLIST_FILE = "Cat YearsTests/Info.plist";
				LD_RUNPATH_SEARCH_PATHS = (
					"$(inherited)",
					"@executable_path/Frameworks",
					"@loader_path/Frameworks",
				);
				PRODUCT_BUNDLE_IDENTIFIER = "com.alexanderabushady.Cat-YearsTests";
				PRODUCT_NAME = "$(TARGET_NAME)";
				SWIFT_VERSION = 5.0;
				TARGETED_DEVICE_FAMILY = "1,2";
				TEST_HOST = "$(BUILT_PRODUCTS_DIR)/Cat Years.app/Cat Years";
			};
			name = Debug;
		};
		3034A1B722E50185000DFC7B /* Release */ = {
			isa = XCBuildConfiguration;
			buildSettings = {
				ALWAYS_EMBED_SWIFT_STANDARD_LIBRARIES = YES;
				BUNDLE_LOADER = "$(TEST_HOST)";
				CODE_SIGN_STYLE = Automatic;
				DEVELOPMENT_TEAM = XW3BP953PW;
				INFOPLIST_FILE = "Cat YearsTests/Info.plist";
				LD_RUNPATH_SEARCH_PATHS = (
					"$(inherited)",
					"@executable_path/Frameworks",
					"@loader_path/Frameworks",
				);
				PRODUCT_BUNDLE_IDENTIFIER = "com.alexanderabushady.Cat-YearsTests";
				PRODUCT_NAME = "$(TARGET_NAME)";
				SWIFT_VERSION = 5.0;
				TARGETED_DEVICE_FAMILY = "1,2";
				TEST_HOST = "$(BUILT_PRODUCTS_DIR)/Cat Years.app/Cat Years";
			};
			name = Release;
		};
		3034A1B922E50185000DFC7B /* Debug */ = {
			isa = XCBuildConfiguration;
			buildSettings = {
				ALWAYS_EMBED_SWIFT_STANDARD_LIBRARIES = YES;
				CODE_SIGN_STYLE = Automatic;
				DEVELOPMENT_TEAM = XW3BP953PW;
				INFOPLIST_FILE = "Cat YearsUITests/Info.plist";
				LD_RUNPATH_SEARCH_PATHS = (
					"$(inherited)",
					"@executable_path/Frameworks",
					"@loader_path/Frameworks",
				);
				PRODUCT_BUNDLE_IDENTIFIER = "com.alexanderabushady.Cat-YearsUITests";
				PRODUCT_NAME = "$(TARGET_NAME)";
				SWIFT_VERSION = 5.0;
				TARGETED_DEVICE_FAMILY = "1,2";
				TEST_TARGET_NAME = "Cat Years";
			};
			name = Debug;
		};
		3034A1BA22E50185000DFC7B /* Release */ = {
			isa = XCBuildConfiguration;
			buildSettings = {
				ALWAYS_EMBED_SWIFT_STANDARD_LIBRARIES = YES;
				CODE_SIGN_STYLE = Automatic;
				DEVELOPMENT_TEAM = XW3BP953PW;
				INFOPLIST_FILE = "Cat YearsUITests/Info.plist";
				LD_RUNPATH_SEARCH_PATHS = (
					"$(inherited)",
					"@executable_path/Frameworks",
					"@loader_path/Frameworks",
				);
				PRODUCT_BUNDLE_IDENTIFIER = "com.alexanderabushady.Cat-YearsUITests";
				PRODUCT_NAME = "$(TARGET_NAME)";
				SWIFT_VERSION = 5.0;
				TARGETED_DEVICE_FAMILY = "1,2";
				TEST_TARGET_NAME = "Cat Years";
			};
			name = Release;
		};
/* End XCBuildConfiguration section */

/* Begin XCConfigurationList section */
		3034A18522E50184000DFC7B /* Build configuration list for PBXProject "Cat Years" */ = {
			isa = XCConfigurationList;
			buildConfigurations = (
				3034A1B022E50185000DFC7B /* Debug */,
				3034A1B122E50185000DFC7B /* Release */,
			);
			defaultConfigurationIsVisible = 0;
			defaultConfigurationName = Release;
		};
		3034A1B222E50185000DFC7B /* Build configuration list for PBXNativeTarget "Cat Years" */ = {
			isa = XCConfigurationList;
			buildConfigurations = (
				3034A1B322E50185000DFC7B /* Debug */,
				3034A1B422E50185000DFC7B /* Release */,
			);
			defaultConfigurationIsVisible = 0;
			defaultConfigurationName = Release;
		};
		3034A1B522E50185000DFC7B /* Build configuration list for PBXNativeTarget "Cat YearsTests" */ = {
			isa = XCConfigurationList;
			buildConfigurations = (
				3034A1B622E50185000DFC7B /* Debug */,
				3034A1B722E50185000DFC7B /* Release */,
			);
			defaultConfigurationIsVisible = 0;
			defaultConfigurationName = Release;
		};
		3034A1B822E50185000DFC7B /* Build configuration list for PBXNativeTarget "Cat YearsUITests" */ = {
			isa = XCConfigurationList;
			buildConfigurations = (
				3034A1B922E50185000DFC7B /* Debug */,
				3034A1BA22E50185000DFC7B /* Release */,
			);
			defaultConfigurationIsVisible = 0;
			defaultConfigurationName = Release;
		};
/* End XCConfigurationList section */
	};
	rootObject = 3034A18222E50184000DFC7B /* Project object */;
}
